
Microsoft Visual Studio Solution File, Format Version 12.00
# Visual Studio Version 16
VisualStudioVersion = 16.0.30114.105
MinimumVisualStudioVersion = 10.0.40219.1
Project("{FAE04EC0-301F-11D3-BF4B-00C04F79EFBC}") = "Lib", "Lib\Lib.csproj", "{403FF02C-BC95-4409-90FB-860C63F837A4}"
EndProject
Project("{FAE04EC0-301F-11D3-BF4B-00C04F79EFBC}") = "Lib_test", "Lib_test\Lib_test.csproj", "{CE52FF11-1BC5-4602-9230-8B190F791EC3}"
EndProject
Global
	GlobalSection(SolutionConfigurationPlatforms) = preSolution
		Debug|Any CPU = Debug|Any CPU
		Release|Any CPU = Release|Any CPU
	EndGlobalSection
	GlobalSection(ProjectConfigurationPlatforms) = postSolution
		{403FF02C-BC95-4409-90FB-860C63F837A4}.Debug|Any CPU.ActiveCfg = Debug|Any CPU
		{403FF02C-BC95-4409-90FB-860C63F837A4}.Debug|Any CPU.Build.0 = Debug|Any CPU
		{403FF02C-BC95-4409-90FB-860C63F837A4}.Release|Any CPU.ActiveCfg = Release|Any CPU
		{403FF02C-BC95-4409-90FB-860C63F837A4}.Release|Any CPU.Build.0 = Release|Any CPU
		{CE52FF11-1BC5-4602-9230-8B190F791EC3}.Debug|Any CPU.ActiveCfg = Debug|Any CPU
		{CE52FF11-1BC5-4602-9230-8B190F791EC3}.Debug|Any CPU.Build.0 = Debug|Any CPU
		{CE52FF11-1BC5-4602-9230-8B190F791EC3}.Release|Any CPU.ActiveCfg = Release|Any CPU
		{CE52FF11-1BC5-4602-9230-8B190F791EC3}.Release|Any CPU.Build.0 = Release|Any CPU
	EndGlobalSection
	GlobalSection(SolutionProperties) = preSolution
		HideSolutionNode = FALSE
	EndGlobalSection
	GlobalSection(ExtensibilityGlobals) = postSolution
		SolutionGuid = {AA76C5B7-ACC5-4DA9-BFD0-7AAC91709E2A}
	EndGlobalSection
EndGlobal
